// !$*UTF8*$!
{
	archiveVersion = 1;
	classes = {
	};
	objectVersion = 50;
	objects = {

/* Begin PBXBuildFile section */
		5E382402230F173400644171 /* AppDelegate.swift in Sources */ = {isa = PBXBuildFile; fileRef = 5E382401230F173400644171 /* AppDelegate.swift */; };
		5E382404230F173400644171 /* ViewController.swift in Sources */ = {isa = PBXBuildFile; fileRef = 5E382403230F173400644171 /* ViewController.swift */; };
		5E382407230F173400644171 /* Main.storyboard in Resources */ = {isa = PBXBuildFile; fileRef = 5E382405230F173400644171 /* Main.storyboard */; };
		5E382409230F173600644171 /* Assets.xcassets in Resources */ = {isa = PBXBuildFile; fileRef = 5E382408230F173600644171 /* Assets.xcassets */; };
		5E38240C230F173600644171 /* LaunchScreen.storyboard in Resources */ = {isa = PBXBuildFile; fileRef = 5E38240A230F173600644171 /* LaunchScreen.storyboard */; };
		5E382417230F173600644171 /* bitriseDemoAppTests.swift in Sources */ = {isa = PBXBuildFile; fileRef = 5E382416230F173600644171 /* bitriseDemoAppTests.swift */; };
/* End PBXBuildFile section */

/* Begin PBXContainerItemProxy section */
		5E382413230F173600644171 /* PBXContainerItemProxy */ = {
			isa = PBXContainerItemProxy;
			containerPortal = 5E3823F6230F173400644171 /* Project object */;
			proxyType = 1;
			remoteGlobalIDString = 5E3823FD230F173400644171;
			remoteInfo = bitriseDemoApp;
		};
/* End PBXContainerItemProxy section */

/* Begin PBXFileReference section */
		5E3823FE230F173400644171 /* bitriseDemoApp.app */ = {isa = PBXFileReference; explicitFileType = wrapper.application; includeInIndex = 0; path = bitriseDemoApp.app; sourceTree = BUILT_PRODUCTS_DIR; };
		5E382401230F173400644171 /* AppDelegate.swift */ = {isa = PBXFileReference; lastKnownFileType = sourcecode.swift; path = AppDelegate.swift; sourceTree = "<group>"; };
		5E382403230F173400644171 /* ViewController.swift */ = {isa = PBXFileReference; lastKnownFileType = sourcecode.swift; path = ViewController.swift; sourceTree = "<group>"; };
		5E382406230F173400644171 /* Base */ = {isa = PBXFileReference; lastKnownFileType = file.storyboard; name = Base; path = Base.lproj/Main.storyboard; sourceTree = "<group>"; };
		5E382408230F173600644171 /* Assets.xcassets */ = {isa = PBXFileReference; lastKnownFileType = folder.assetcatalog; path = Assets.xcassets; sourceTree = "<group>"; };
		5E38240B230F173600644171 /* Base */ = {isa = PBXFileReference; lastKnownFileType = file.storyboard; name = Base; path = Base.lproj/LaunchScreen.storyboard; sourceTree = "<group>"; };
		5E38240D230F173600644171 /* Info.plist */ = {isa = PBXFileReference; lastKnownFileType = text.plist.xml; path = Info.plist; sourceTree = "<group>"; };
		5E382412230F173600644171 /* bitriseDemoAppTests.xctest */ = {isa = PBXFileReference; explicitFileType = wrapper.cfbundle; includeInIndex = 0; path = bitriseDemoAppTests.xctest; sourceTree = BUILT_PRODUCTS_DIR; };
		5E382416230F173600644171 /* bitriseDemoAppTests.swift */ = {isa = PBXFileReference; lastKnownFileType = sourcecode.swift; path = bitriseDemoAppTests.swift; sourceTree = "<group>"; };
		5E382418230F173600644171 /* Info.plist */ = {isa = PBXFileReference; lastKnownFileType = text.plist.xml; path = Info.plist; sourceTree = "<group>"; };
/* End PBXFileReference section */

/* Begin PBXFrameworksBuildPhase section */
		5E3823FB230F173400644171 /* Frameworks */ = {
			isa = PBXFrameworksBuildPhase;
			buildActionMask = 2147483647;
			files = (
			);
			runOnlyForDeploymentPostprocessing = 0;
		};
		5E38240F230F173600644171 /* Frameworks */ = {
			isa = PBXFrameworksBuildPhase;
			buildActionMask = 2147483647;
			files = (
			);
			runOnlyForDeploymentPostprocessing = 0;
		};
/* End PBXFrameworksBuildPhase section */

/* Begin PBXGroup section */
		5E3823F5230F173400644171 = {
			isa = PBXGroup;
			children = (
				5E382400230F173400644171 /* bitriseDemoApp */,
				5E382415230F173600644171 /* bitriseDemoAppTests */,
				5E3823FF230F173400644171 /* Products */,
			);
			sourceTree = "<group>";
		};
		5E3823FF230F173400644171 /* Products */ = {
			isa = PBXGroup;
			children = (
				5E3823FE230F173400644171 /* bitriseDemoApp.app */,
				5E382412230F173600644171 /* bitriseDemoAppTests.xctest */,
			);
			name = Products;
			sourceTree = "<group>";
		};
		5E382400230F173400644171 /* bitriseDemoApp */ = {
			isa = PBXGroup;
			children = (
				5E382401230F173400644171 /* AppDelegate.swift */,
				5E382403230F173400644171 /* ViewController.swift */,
				5E382405230F173400644171 /* Main.storyboard */,
				5E382408230F173600644171 /* Assets.xcassets */,
				5E38240A230F173600644171 /* LaunchScreen.storyboard */,
				5E38240D230F173600644171 /* Info.plist */,
			);
			path = bitriseDemoApp;
			sourceTree = "<group>";
		};
		5E382415230F173600644171 /* bitriseDemoAppTests */ = {
			isa = PBXGroup;
			children = (
				5E382416230F173600644171 /* bitriseDemoAppTests.swift */,
				5E382418230F173600644171 /* Info.plist */,
			);
			path = bitriseDemoAppTests;
			sourceTree = "<group>";
		};
/* End PBXGroup section */

/* Begin PBXNativeTarget section */
		5E3823FD230F173400644171 /* bitriseDemoApp */ = {
			isa = PBXNativeTarget;
			buildConfigurationList = 5E38241B230F173600644171 /* Build configuration list for PBXNativeTarget "bitriseDemoApp" */;
			buildPhases = (
				5E3823FA230F173400644171 /* Sources */,
				5E3823FB230F173400644171 /* Frameworks */,
				5E3823FC230F173400644171 /* Resources */,
			);
			buildRules = (
			);
			dependencies = (
			);
			name = bitriseDemoApp;
			productName = bitriseDemoApp;
			productReference = 5E3823FE230F173400644171 /* bitriseDemoApp.app */;
			productType = "com.apple.product-type.application";
		};
		5E382411230F173600644171 /* bitriseDemoAppTests */ = {
			isa = PBXNativeTarget;
			buildConfigurationList = 5E38241E230F173600644171 /* Build configuration list for PBXNativeTarget "bitriseDemoAppTests" */;
			buildPhases = (
				5E38240E230F173600644171 /* Sources */,
				5E38240F230F173600644171 /* Frameworks */,
				5E382410230F173600644171 /* Resources */,
			);
			buildRules = (
			);
			dependencies = (
				5E382414230F173600644171 /* PBXTargetDependency */,
			);
			name = bitriseDemoAppTests;
			productName = bitriseDemoAppTests;
			productReference = 5E382412230F173600644171 /* bitriseDemoAppTests.xctest */;
			productType = "com.apple.product-type.bundle.unit-test";
		};
/* End PBXNativeTarget section */

/* Begin PBXProject section */
		5E3823F6230F173400644171 /* Project object */ = {
			isa = PBXProject;
			attributes = {
				LastSwiftUpdateCheck = 1020;
				LastUpgradeCheck = 1020;
				ORGANIZATIONNAME = "Javier Calatrava";
				TargetAttributes = {
					5E3823FD230F173400644171 = {
						CreatedOnToolsVersion = 10.2.1;
					};
					5E382411230F173600644171 = {
						CreatedOnToolsVersion = 10.2.1;
						TestTargetID = 5E3823FD230F173400644171;
					};
				};
			};
			buildConfigurationList = 5E3823F9230F173400644171 /* Build configuration list for PBXProject "bitriseDemoApp" */;
			compatibilityVersion = "Xcode 9.3";
			developmentRegion = en;
			hasScannedForEncodings = 0;
			knownRegions = (
				en,
				Base,
			);
			mainGroup = 5E3823F5230F173400644171;
			productRefGroup = 5E3823FF230F173400644171 /* Products */;
			projectDirPath = "";
			projectRoot = "";
			targets = (
				5E3823FD230F173400644171 /* bitriseDemoApp */,
				5E382411230F173600644171 /* bitriseDemoAppTests */,
			);
		};
/* End PBXProject section */

/* Begin PBXResourcesBuildPhase section */
		5E3823FC230F173400644171 /* Resources */ = {
			isa = PBXResourcesBuildPhase;
			buildActionMask = 2147483647;
			files = (
				5E38240C230F173600644171 /* LaunchScreen.storyboard in Resources */,
				5E382409230F173600644171 /* Assets.xcassets in Resources */,
				5E382407230F173400644171 /* Main.storyboard in Resources */,
			);
			runOnlyForDeploymentPostprocessing = 0;
		};
		5E382410230F173600644171 /* Resources */ = {
			isa = PBXResourcesBuildPhase;
			buildActionMask = 2147483647;
			files = (
			);
			runOnlyForDeploymentPostprocessing = 0;
		};
/* End PBXResourcesBuildPhase section */

/* Begin PBXSourcesBuildPhase section */
		5E3823FA230F173400644171 /* Sources */ = {
			isa = PBXSourcesBuildPhase;
			buildActionMask = 2147483647;
			files = (
				5E382404230F173400644171 /* ViewController.swift in Sources */,
				5E382402230F173400644171 /* AppDelegate.swift in Sources */,
			);
			runOnlyForDeploymentPostprocessing = 0;
		};
		5E38240E230F173600644171 /* Sources */ = {
			isa = PBXSourcesBuildPhase;
			buildActionMask = 2147483647;
			files = (
				5E382417230F173600644171 /* bitriseDemoAppTests.swift in Sources */,
			);
			runOnlyForDeploymentPostprocessing = 0;
		};
/* End PBXSourcesBuildPhase section */

/* Begin PBXTargetDependency section */
		5E382414230F173600644171 /* PBXTargetDependency */ = {
			isa = PBXTargetDependency;
			target = 5E3823FD230F173400644171 /* bitriseDemoApp */;
			targetProxy = 5E382413230F173600644171 /* PBXContainerItemProxy */;
		};
/* End PBXTargetDependency section */

/* Begin PBXVariantGroup section */
		5E382405230F173400644171 /* Main.storyboard */ = {
			isa = PBXVariantGroup;
			children = (
				5E382406230F173400644171 /* Base */,
			);
			name = Main.storyboard;
			sourceTree = "<group>";
		};
		5E38240A230F173600644171 /* LaunchScreen.storyboard */ = {
			isa = PBXVariantGroup;
			children = (
				5E38240B230F173600644171 /* Base */,
			);
			name = LaunchScreen.storyboard;
			sourceTree = "<group>";
		};
/* End PBXVariantGroup section */

/* Begin XCBuildConfiguration section */
		5E382419230F173600644171 /* Debug */ = {
			isa = XCBuildConfiguration;
			buildSettings = {
				ALWAYS_SEARCH_USER_PATHS = NO;
				CLANG_ANALYZER_NONNULL = YES;
				CLANG_ANALYZER_NUMBER_OBJECT_CONVERSION = YES_AGGRESSIVE;
				CLANG_CXX_LANGUAGE_STANDARD = "gnu++14";
				CLANG_CXX_LIBRARY = "libc++";
				CLANG_ENABLE_MODULES = YES;
				CLANG_ENABLE_OBJC_ARC = YES;
				CLANG_ENABLE_OBJC_WEAK = YES;
				CLANG_WARN_BLOCK_CAPTURE_AUTORELEASING = YES;
				CLANG_WARN_BOOL_CONVERSION = YES;
				CLANG_WARN_COMMA = YES;
				CLANG_WARN_CONSTANT_CONVERSION = YES;
				CLANG_WARN_DEPRECATED_OBJC_IMPLEMENTATIONS = YES;
				CLANG_WARN_DIRECT_OBJC_ISA_USAGE = YES_ERROR;
				CLANG_WARN_DOCUMENTATION_COMMENTS = YES;
				CLANG_WARN_EMPTY_BODY = YES;
				CLANG_WARN_ENUM_CONVERSION = YES;
				CLANG_WARN_INFINITE_RECURSION = YES;
				CLANG_WARN_INT_CONVERSION = YES;
				CLANG_WARN_NON_LITERAL_NULL_CONVERSION = YES;
				CLANG_WARN_OBJC_IMPLICIT_RETAIN_SELF = YES;
				CLANG_WARN_OBJC_LITERAL_CONVERSION = YES;
				CLANG_WARN_OBJC_ROOT_CLASS = YES_ERROR;
				CLANG_WARN_RANGE_LOOP_ANALYSIS = YES;
				CLANG_WARN_STRICT_PROTOTYPES = YES;
				CLANG_WARN_SUSPICIOUS_MOVE = YES;
				CLANG_WARN_UNGUARDED_AVAILABILITY = YES_AGGRESSIVE;
				CLANG_WARN_UNREACHABLE_CODE = YES;
				CLANG_WARN__DUPLICATE_METHOD_MATCH = YES;
				CODE_SIGN_IDENTITY = "iPhone Developer";
				COPY_PHASE_STRIP = NO;
				DEBUG_INFORMATION_FORMAT = dwarf;
				ENABLE_STRICT_OBJC_MSGSEND = YES;
				ENABLE_TESTABILITY = YES;
				GCC_C_LANGUAGE_STANDARD = gnu11;
				GCC_DYNAMIC_NO_PIC = NO;
				GCC_NO_COMMON_BLOCKS = YES;
				GCC_OPTIMIZATION_LEVEL = 0;
				GCC_PREPROCESSOR_DEFINITIONS = (
					"DEBUG=1",
					"$(inherited)",
				);
				GCC_WARN_64_TO_32_BIT_CONVERSION = YES;
				GCC_WARN_ABOUT_RETURN_TYPE = YES_ERROR;
				GCC_WARN_UNDECLARED_SELECTOR = YES;
				GCC_WARN_UNINITIALIZED_AUTOS = YES_AGGRESSIVE;
				GCC_WARN_UNUSED_FUNCTION = YES;
				GCC_WARN_UNUSED_VARIABLE = YES;
				IPHONEOS_DEPLOYMENT_TARGET = 12.2;
				MTL_ENABLE_DEBUG_INFO = INCLUDE_SOURCE;
				MTL_FAST_MATH = YES;
				ONLY_ACTIVE_ARCH = YES;
				SDKROOT = iphoneos;
				SWIFT_ACTIVE_COMPILATION_CONDITIONS = DEBUG;
				SWIFT_OPTIMIZATION_LEVEL = "-Onone";
			};
			name = Debug;
		};
		5E38241A230F173600644171 /* Release */ = {
			isa = XCBuildConfiguration;
			buildSettings = {
				ALWAYS_SEARCH_USER_PATHS = NO;
				CLANG_ANALYZER_NONNULL = YES;
				CLANG_ANALYZER_NUMBER_OBJECT_CONVERSION = YES_AGGRESSIVE;
				CLANG_CXX_LANGUAGE_STANDARD = "gnu++14";
				CLANG_CXX_LIBRARY = "libc++";
				CLANG_ENABLE_MODULES = YES;
				CLANG_ENABLE_OBJC_ARC = YES;
				CLANG_ENABLE_OBJC_WEAK = YES;
				CLANG_WARN_BLOCK_CAPTURE_AUTORELEASING = YES;
				CLANG_WARN_BOOL_CONVERSION = YES;
				CLANG_WARN_COMMA = YES;
				CLANG_WARN_CONSTANT_CONVERSION = YES;
				CLANG_WARN_DEPRECATED_OBJC_IMPLEMENTATIONS = YES;
				CLANG_WARN_DIRECT_OBJC_ISA_USAGE = YES_ERROR;
				CLANG_WARN_DOCUMENTATION_COMMENTS = YES;
				CLANG_WARN_EMPTY_BODY = YES;
				CLANG_WARN_ENUM_CONVERSION = YES;
				CLANG_WARN_INFINITE_RECURSION = YES;
				CLANG_WARN_INT_CONVERSION = YES;
				CLANG_WARN_NON_LITERAL_NULL_CONVERSION = YES;
				CLANG_WARN_OBJC_IMPLICIT_RETAIN_SELF = YES;
				CLANG_WARN_OBJC_LITERAL_CONVERSION = YES;
				CLANG_WARN_OBJC_ROOT_CLASS = YES_ERROR;
				CLANG_WARN_RANGE_LOOP_ANALYSIS = YES;
				CLANG_WARN_STRICT_PROTOTYPES = YES;
				CLANG_WARN_SUSPICIOUS_MOVE = YES;
				CLANG_WARN_UNGUARDED_AVAILABILITY = YES_AGGRESSIVE;
				CLANG_WARN_UNREACHABLE_CODE = YES;
				CLANG_WARN__DUPLICATE_METHOD_MATCH = YES;
				CODE_SIGN_IDENTITY = "iPhone Developer";
				COPY_PHASE_STRIP = NO;
				DEBUG_INFORMATION_FORMAT = "dwarf-with-dsym";
				ENABLE_NS_ASSERTIONS = NO;
				ENABLE_STRICT_OBJC_MSGSEND = YES;
				GCC_C_LANGUAGE_STANDARD = gnu11;
				GCC_NO_COMMON_BLOCKS = YES;
				GCC_WARN_64_TO_32_BIT_CONVERSION = YES;
				GCC_WARN_ABOUT_RETURN_TYPE = YES_ERROR;
				GCC_WARN_UNDECLARED_SELECTOR = YES;
				GCC_WARN_UNINITIALIZED_AUTOS = YES_AGGRESSIVE;
				GCC_WARN_UNUSED_FUNCTION = YES;
				GCC_WARN_UNUSED_VARIABLE = YES;
				IPHONEOS_DEPLOYMENT_TARGET = 12.2;
				MTL_ENABLE_DEBUG_INFO = NO;
				MTL_FAST_MATH = YES;
				SDKROOT = iphoneos;
				SWIFT_COMPILATION_MODE = wholemodule;
				SWIFT_OPTIMIZATION_LEVEL = "-O";
				VALIDATE_PRODUCT = YES;
			};
			name = Release;
		};
		5E38241C230F173600644171 /* Debug */ = {
			isa = XCBuildConfiguration;
			buildSettings = {
				ASSETCATALOG_COMPILER_APPICON_NAME = AppIcon;
				CODE_SIGN_STYLE = Automatic;
				INFOPLIST_FILE = bitriseDemoApp/Info.plist;
				LD_RUNPATH_SEARCH_PATHS = (
					"$(inherited)",
					"@executable_path/Frameworks",
				);
				PRODUCT_BUNDLE_IDENTIFIER = jca.bitriseDemoApp;
				PRODUCT_NAME = "$(TARGET_NAME)";
				SWIFT_VERSION = 5.0;
				TARGETED_DEVICE_FAMILY = "1,2";
			};
			name = Debug;
		};
		5E38241D230F173600644171 /* Release */ = {
			isa = XCBuildConfiguration;
			buildSettings = {
				ASSETCATALOG_COMPILER_APPICON_NAME = AppIcon;
				CODE_SIGN_STYLE = Automatic;
				INFOPLIST_FILE = bitriseDemoApp/Info.plist;
				LD_RUNPATH_SEARCH_PATHS = (
					"$(inherited)",
					"@executable_path/Frameworks",
				);
				PRODUCT_BUNDLE_IDENTIFIER = jca.bitriseDemoApp;
				PRODUCT_NAME = "$(TARGET_NAME)";
				SWIFT_VERSION = 5.0;
				TARGETED_DEVICE_FAMILY = "1,2";
			};
			name = Release;
		};
		5E38241F230F173600644171 /* Debug */ = {
			isa = XCBuildConfiguration;
			buildSettings = {
				ALWAYS_EMBED_SWIFT_STANDARD_LIBRARIES = YES;
				BUNDLE_LOADER = "$(TEST_HOST)";
				CODE_SIGN_STYLE = Automatic;
				INFOPLIST_FILE = bitriseDemoAppTests/Info.plist;
				LD_RUNPATH_SEARCH_PATHS = (
					"$(inherited)",
					"@executable_path/Frameworks",
					"@loader_path/Frameworks",
				);
				PRODUCT_BUNDLE_IDENTIFIER = jca.bitriseDemoAppTests;
				PRODUCT_NAME = "$(TARGET_NAME)";
				SWIFT_VERSION = 5.0;
				TARGETED_DEVICE_FAMILY = "1,2";
				TEST_HOST = "$(BUILT_PRODUCTS_DIR)/bitriseDemoApp.app/bitriseDemoApp";
			};
			name = Debug;
		};
		5E382420230F173600644171 /* Release */ = {
			isa = XCBuildConfiguration;
			buildSettings = {
				ALWAYS_EMBED_SWIFT_STANDARD_LIBRARIES = YES;
				BUNDLE_LOADER = "$(TEST_HOST)";
				CODE_SIGN_STYLE = Automatic;
				INFOPLIST_FILE = bitriseDemoAppTests/Info.plist;
				LD_RUNPATH_SEARCH_PATHS = (
					"$(inherited)",
					"@executable_path/Frameworks",
					"@loader_path/Frameworks",
				);
				PRODUCT_BUNDLE_IDENTIFIER = jca.bitriseDemoAppTests;
				PRODUCT_NAME = "$(TARGET_NAME)";
				SWIFT_VERSION = 5.0;
				TARGETED_DEVICE_FAMILY = "1,2";
				TEST_HOST = "$(BUILT_PRODUCTS_DIR)/bitriseDemoApp.app/bitriseDemoApp";
			};
			name = Release;
		};
/* End XCBuildConfiguration section */

/* Begin XCConfigurationList section */
		5E3823F9230F173400644171 /* Build configuration list for PBXProject "bitriseDemoApp" */ = {
			isa = XCConfigurationList;
			buildConfigurations = (
				5E382419230F173600644171 /* Debug */,
				5E38241A230F173600644171 /* Release */,
			);
			defaultConfigurationIsVisible = 0;
			defaultConfigurationName = Release;
		};
		5E38241B230F173600644171 /* Build configuration list for PBXNativeTarget "bitriseDemoApp" */ = {
			isa = XCConfigurationList;
			buildConfigurations = (
				5E38241C230F173600644171 /* Debug */,
				5E38241D230F173600644171 /* Release */,
			);
			defaultConfigurationIsVisible = 0;
			defaultConfigurationName = Release;
		};
		5E38241E230F173600644171 /* Build configuration list for PBXNativeTarget "bitriseDemoAppTests" */ = {
			isa = XCConfigurationList;
			buildConfigurations = (
				5E38241F230F173600644171 /* Debug */,
				5E382420230F173600644171 /* Release */,
			);
			defaultConfigurationIsVisible = 0;
			defaultConfigurationName = Release;
		};
/* End XCConfigurationList section */
	};
	rootObject = 5E3823F6230F173400644171 /* Project object */;
}
